
Microsoft Visual Studio Solution File, Format Version 12.00
# Visual Studio Version 17
VisualStudioVersion = 17.6.33723.286
MinimumVisualStudioVersion = 10.0.40219.1
Project("{9A19103F-16F7-4668-BE54-9A1E7A4F7556}") = "OnlineShop", "OnlineShop\OnlineShop.csproj", "{2B525A4B-14FF-46EC-8D48-29125CEB4EE4}"
EndProject
Project("{FAE04EC0-301F-11D3-BF4B-00C04F79EFBC}") = "Core", "Core\Core.csproj", "{4897A907-366F-41B6-8BDC-3A7BD14961BB}"
EndProject
Project("{FAE04EC0-301F-11D3-BF4B-00C04F79EFBC}") = "Infrastructure", "Infrastructure\Infrastructure.csproj", "{BAE86422-98AB-452C-ACCA-222DD931AEC5}"
EndProject
Global
	GlobalSection(SolutionConfigurationPlatforms) = preSolution
		Debug|Any CPU = Debug|Any CPU
		Release|Any CPU = Release|Any CPU
	EndGlobalSection
	GlobalSection(ProjectConfigurationPlatforms) = postSolution
		{2B525A4B-14FF-46EC-8D48-29125CEB4EE4}.Debug|Any CPU.ActiveCfg = Debug|Any CPU
		{2B525A4B-14FF-46EC-8D48-29125CEB4EE4}.Debug|Any CPU.Build.0 = Debug|Any CPU
		{2B525A4B-14FF-46EC-8D48-29125CEB4EE4}.Release|Any CPU.ActiveCfg = Release|Any CPU
		{2B525A4B-14FF-46EC-8D48-29125CEB4EE4}.Release|Any CPU.Build.0 = Release|Any CPU
		{4897A907-366F-41B6-8BDC-3A7BD14961BB}.Debug|Any CPU.ActiveCfg = Debug|Any CPU
		{4897A907-366F-41B6-8BDC-3A7BD14961BB}.Debug|Any CPU.Build.0 = Debug|Any CPU
		{4897A907-366F-41B6-8BDC-3A7BD14961BB}.Release|Any CPU.ActiveCfg = Release|Any CPU
		{4897A907-366F-41B6-8BDC-3A7BD14961BB}.Release|Any CPU.Build.0 = Release|Any CPU
		{BAE86422-98AB-452C-ACCA-222DD931AEC5}.Debug|Any CPU.ActiveCfg = Debug|Any CPU
		{BAE86422-98AB-452C-ACCA-222DD931AEC5}.Debug|Any CPU.Build.0 = Debug|Any CPU
		{BAE86422-98AB-452C-ACCA-222DD931AEC5}.Release|Any CPU.ActiveCfg = Release|Any CPU
		{BAE86422-98AB-452C-ACCA-222DD931AEC5}.Release|Any CPU.Build.0 = Release|Any CPU
	EndGlobalSection
	GlobalSection(SolutionProperties) = preSolution
		HideSolutionNode = FALSE
	EndGlobalSection
	GlobalSection(ExtensibilityGlobals) = postSolution
		SolutionGuid = {2F142781-F7B3-429D-9CBC-94909D06FE58}
	EndGlobalSection
EndGlobal
